
Microsoft Visual Studio Solution File, Format Version 12.00
# Visual Studio Version 17
VisualStudioVersion = 17.0.31903.59
MinimumVisualStudioVersion = 10.0.40219.1
Project("{FAE04EC0-301F-11D3-BF4B-00C04F79EFBC}") = "Presentation", "Presentation\Presentation.csproj", "{B6C7D143-87FB-466F-83F2-DD225081B189}"
EndProject
Project("{FAE04EC0-301F-11D3-BF4B-00C04F79EFBC}") = "Domain", "Domain\Domain.csproj", "{83227E33-6F71-460B-9CF4-AA51DB33C47A}"
EndProject
Project("{FAE04EC0-301F-11D3-BF4B-00C04F79EFBC}") = "Application", "Application\Application.csproj", "{35E74E76-FDB3-45F9-A439-941E0ED1156F}"
EndProject
Project("{FAE04EC0-301F-11D3-BF4B-00C04F79EFBC}") = "Infrastructure", "Infrastructure\Infrastructure.csproj", "{3921766C-6E9D-4032-B65F-12E0DC7209D0}"
EndProject
Global
	GlobalSection(SolutionConfigurationPlatforms) = preSolution
		Debug|Any CPU = Debug|Any CPU
		Release|Any CPU = Release|Any CPU
	EndGlobalSection
	GlobalSection(SolutionProperties) = preSolution
		HideSolutionNode = FALSE
	EndGlobalSection
	GlobalSection(ProjectConfigurationPlatforms) = postSolution
		{B6C7D143-87FB-466F-83F2-DD225081B189}.Debug|Any CPU.ActiveCfg = Debug|Any CPU
		{B6C7D143-87FB-466F-83F2-DD225081B189}.Debug|Any CPU.Build.0 = Debug|Any CPU
		{B6C7D143-87FB-466F-83F2-DD225081B189}.Release|Any CPU.ActiveCfg = Release|Any CPU
		{B6C7D143-87FB-466F-83F2-DD225081B189}.Release|Any CPU.Build.0 = Release|Any CPU
		{83227E33-6F71-460B-9CF4-AA51DB33C47A}.Debug|Any CPU.ActiveCfg = Debug|Any CPU
		{83227E33-6F71-460B-9CF4-AA51DB33C47A}.Debug|Any CPU.Build.0 = Debug|Any CPU
		{83227E33-6F71-460B-9CF4-AA51DB33C47A}.Release|Any CPU.ActiveCfg = Release|Any CPU
		{83227E33-6F71-460B-9CF4-AA51DB33C47A}.Release|Any CPU.Build.0 = Release|Any CPU
		{35E74E76-FDB3-45F9-A439-941E0ED1156F}.Debug|Any CPU.ActiveCfg = Debug|Any CPU
		{35E74E76-FDB3-45F9-A439-941E0ED1156F}.Debug|Any CPU.Build.0 = Debug|Any CPU
		{35E74E76-FDB3-45F9-A439-941E0ED1156F}.Release|Any CPU.ActiveCfg = Release|Any CPU
		{35E74E76-FDB3-45F9-A439-941E0ED1156F}.Release|Any CPU.Build.0 = Release|Any CPU
		{3921766C-6E9D-4032-B65F-12E0DC7209D0}.Debug|Any CPU.ActiveCfg = Debug|Any CPU
		{3921766C-6E9D-4032-B65F-12E0DC7209D0}.Debug|Any CPU.Build.0 = Debug|Any CPU
		{3921766C-6E9D-4032-B65F-12E0DC7209D0}.Release|Any CPU.ActiveCfg = Release|Any CPU
		{3921766C-6E9D-4032-B65F-12E0DC7209D0}.Release|Any CPU.Build.0 = Release|Any CPU
	EndGlobalSection
EndGlobal
